
Microsoft Visual Studio Solution File, Format Version 12.00
# Visual Studio Version 17
VisualStudioVersion = 17.7.34031.279
MinimumVisualStudioVersion = 10.0.40219.1
Project("{FAE04EC0-301F-11D3-BF4B-00C04F79EFBC}") = "Lab15C_DAEA", "Lab15C_DAEA\Lab15C_DAEA.csproj", "{F2B80186-11B9-45CA-8A79-DB46E4AA48C7}"
EndProject
Global
	GlobalSection(SolutionConfigurationPlatforms) = preSolution
		Debug|Any CPU = Debug|Any CPU
		Release|Any CPU = Release|Any CPU
	EndGlobalSection
	GlobalSection(ProjectConfigurationPlatforms) = postSolution
		{F2B80186-11B9-45CA-8A79-DB46E4AA48C7}.Debug|Any CPU.ActiveCfg = Debug|Any CPU
		{F2B80186-11B9-45CA-8A79-DB46E4AA48C7}.Debug|Any CPU.Build.0 = Debug|Any CPU
		{F2B80186-11B9-45CA-8A79-DB46E4AA48C7}.Release|Any CPU.ActiveCfg = Release|Any CPU
		{F2B80186-11B9-45CA-8A79-DB46E4AA48C7}.Release|Any CPU.Build.0 = Release|Any CPU
	EndGlobalSection
	GlobalSection(SolutionProperties) = preSolution
		HideSolutionNode = FALSE
	EndGlobalSection
	GlobalSection(ExtensibilityGlobals) = postSolution
		SolutionGuid = {B01EF93E-6E6B-44C4-B531-08E19CA0F879}
	EndGlobalSection
EndGlobal
